
Microsoft Visual Studio Solution File, Format Version 12.00
# Visual Studio 2015
Project("{FAE04EC0-301F-11D3-BF4B-00C04F79EFBC}") = "PlanetTest.CSharp", "PlanetTest.CSharp.csproj", "{05B4D7CF-79AB-63C8-1290-0766444A2845}"
EndProject
Project("{FAE04EC0-301F-11D3-BF4B-00C04F79EFBC}") = "PlanetTest.CSharp.CSharp.Tests", "PlanetTest.CSharp.CSharp.Tests\PlanetTest.CSharp.CSharp.Tests.csproj", "{A41CC6D3-770A-4D3C-BB1B-1331643D8EE9}"
EndProject
Global
	GlobalSection(SolutionConfigurationPlatforms) = preSolution
		Debug|Any CPU = Debug|Any CPU
		Release|Any CPU = Release|Any CPU
	EndGlobalSection
	GlobalSection(ProjectConfigurationPlatforms) = postSolution
		{05B4D7CF-79AB-63C8-1290-0766444A2845}.Debug|Any CPU.ActiveCfg = Debug|Any CPU
		{05B4D7CF-79AB-63C8-1290-0766444A2845}.Debug|Any CPU.Build.0 = Debug|Any CPU
		{05B4D7CF-79AB-63C8-1290-0766444A2845}.Release|Any CPU.ActiveCfg = Release|Any CPU
		{05B4D7CF-79AB-63C8-1290-0766444A2845}.Release|Any CPU.Build.0 = Release|Any CPU
		{A41CC6D3-770A-4D3C-BB1B-1331643D8EE9}.Debug|Any CPU.ActiveCfg = Debug|Any CPU
		{A41CC6D3-770A-4D3C-BB1B-1331643D8EE9}.Debug|Any CPU.Build.0 = Debug|Any CPU
		{A41CC6D3-770A-4D3C-BB1B-1331643D8EE9}.Release|Any CPU.ActiveCfg = Release|Any CPU
		{A41CC6D3-770A-4D3C-BB1B-1331643D8EE9}.Release|Any CPU.Build.0 = Release|Any CPU
	EndGlobalSection
	GlobalSection(SolutionProperties) = preSolution
		HideSolutionNode = FALSE
	EndGlobalSection
EndGlobal
